
Microsoft Visual Studio Solution File, Format Version 12.00
Project("{FAE04EC0-301F-11D3-BF4B-00C04F79EFBC}") = "kubec-cmd", "kubec-cmd\kubec-cmd.csproj", "{FA984ABD-DF4E-4F64-9F0F-A4C2CA54C6C3}"
EndProject
Global
	GlobalSection(SolutionConfigurationPlatforms) = preSolution
		Debug|Any CPU = Debug|Any CPU
		Release|Any CPU = Release|Any CPU
	EndGlobalSection
	GlobalSection(ProjectConfigurationPlatforms) = postSolution
		{FA984ABD-DF4E-4F64-9F0F-A4C2CA54C6C3}.Debug|Any CPU.ActiveCfg = Debug|Any CPU
		{FA984ABD-DF4E-4F64-9F0F-A4C2CA54C6C3}.Debug|Any CPU.Build.0 = Debug|Any CPU
		{FA984ABD-DF4E-4F64-9F0F-A4C2CA54C6C3}.Release|Any CPU.ActiveCfg = Release|Any CPU
		{FA984ABD-DF4E-4F64-9F0F-A4C2CA54C6C3}.Release|Any CPU.Build.0 = Release|Any CPU
	EndGlobalSection
EndGlobal
